
Microsoft Visual Studio Solution File, Format Version 12.00
# Visual Studio Version 16
VisualStudioVersion = 16.0.32228.343
MinimumVisualStudioVersion = 10.0.40219.1
Project("{FAE04EC0-301F-11D3-BF4B-00C04F79EFBC}") = "KF_WebIntro", "KF_WebIntro.csproj", "{6F9B241E-FCF6-412E-9ECF-8031344B37CA}"
EndProject
Global
	GlobalSection(SolutionConfigurationPlatforms) = preSolution
		Debug|Any CPU = Debug|Any CPU
		Release|Any CPU = Release|Any CPU
	EndGlobalSection
	GlobalSection(ProjectConfigurationPlatforms) = postSolution
		{6F9B241E-FCF6-412E-9ECF-8031344B37CA}.Debug|Any CPU.ActiveCfg = Debug|Any CPU
		{6F9B241E-FCF6-412E-9ECF-8031344B37CA}.Debug|Any CPU.Build.0 = Debug|Any CPU
		{6F9B241E-FCF6-412E-9ECF-8031344B37CA}.Release|Any CPU.ActiveCfg = Release|Any CPU
		{6F9B241E-FCF6-412E-9ECF-8031344B37CA}.Release|Any CPU.Build.0 = Release|Any CPU
	EndGlobalSection
	GlobalSection(SolutionProperties) = preSolution
		HideSolutionNode = FALSE
	EndGlobalSection
	GlobalSection(ExtensibilityGlobals) = postSolution
		SolutionGuid = {FAFB7D0B-4674-4098-A45B-2234B700BB8F}
	EndGlobalSection
EndGlobal
